# This file is automatically @generated by Cargo.
# It is not intended for manual editing.
[[package]]
name = "arbitrary"
version = "0.4.6"
source = "registry+https://github.com/rust-lang/crates.io-index"
checksum = "0922a3e746b5a44e111e5603feb6704e5cc959116f66737f50bb5cbd264e9d87"

[[package]]
name = "cc"
version = "1.0.59"
source = "registry+https://github.com/rust-lang/crates.io-index"
checksum = "66120af515773fb005778dc07c261bd201ec8ce50bd6e7144c927753fe013381"

[[package]]
name = "dangerous"
version = "0.1.0"
dependencies = [
 "unicode-width",
]

[[package]]
name = "dangerous-fuzz"
version = "0.0.0"
dependencies = [
 "dangerous",
 "libfuzzer-sys",
]

[[package]]
name = "libfuzzer-sys"
version = "0.3.4"
source = "registry+https://github.com/rust-lang/crates.io-index"
checksum = "ee8c42ab62f43795ed77a965ed07994c5584cdc94fd0ebf14b22ac1524077acc"
dependencies = [
 "arbitrary",
 "cc",
]

[[package]]
name = "unicode-width"
version = "0.1.8"
source = "registry+https://github.com/rust-lang/crates.io-index"
checksum = "9337591893a19b88d8d87f2cec1e73fad5cdfd10e5a6f349f498ad6ea2ffb1e3"
